
Microsoft Visual Studio Solution File, Format Version 12.00
# Visual Studio Version 16
VisualStudioVersion = 16.0.31205.134
MinimumVisualStudioVersion = 10.0.40219.1
Project("{FAE04EC0-301F-11D3-BF4B-00C04F79EFBC}") = "UserRegistration", "UserRegistration\UserRegistration.csproj", "{DB2691B2-4175-4CA0-8FEE-3A6B6C1B8DBF}"
EndProject
Global
	GlobalSection(SolutionConfigurationPlatforms) = preSolution
		Debug|Any CPU = Debug|Any CPU
		Release|Any CPU = Release|Any CPU
	EndGlobalSection
	GlobalSection(ProjectConfigurationPlatforms) = postSolution
		{DB2691B2-4175-4CA0-8FEE-3A6B6C1B8DBF}.Debug|Any CPU.ActiveCfg = Debug|Any CPU
		{DB2691B2-4175-4CA0-8FEE-3A6B6C1B8DBF}.Debug|Any CPU.Build.0 = Debug|Any CPU
		{DB2691B2-4175-4CA0-8FEE-3A6B6C1B8DBF}.Release|Any CPU.ActiveCfg = Release|Any CPU
		{DB2691B2-4175-4CA0-8FEE-3A6B6C1B8DBF}.Release|Any CPU.Build.0 = Release|Any CPU
	EndGlobalSection
	GlobalSection(SolutionProperties) = preSolution
		HideSolutionNode = FALSE
	EndGlobalSection
	GlobalSection(ExtensibilityGlobals) = postSolution
		SolutionGuid = {8B969791-91B0-4ADA-AF97-D9A990E3BA79}
	EndGlobalSection
EndGlobal
